
Microsoft Visual Studio Solution File, Format Version 12.00
# Visual Studio Version 16
VisualStudioVersion = 16.0.30517.126
MinimumVisualStudioVersion = 10.0.40219.1
Project("{9A19103F-16F7-4668-BE54-9A1E7A4F7556}") = "api", "api\api.csproj", "{4739AE80-AA44-4CAD-9FBA-760566F9FDDE}"
EndProject
Project("{9A19103F-16F7-4668-BE54-9A1E7A4F7556}") = "gui", "gui\gui.csproj", "{CC8327BA-D9E1-4839-B584-1B258303CDBA}"
EndProject
Project("{FAE04EC0-301F-11D3-BF4B-00C04F79EFBC}") = "gui.Tests", "gui.Tests\gui.Tests.csproj", "{073D67A6-24AB-480C-802F-749F918DDBF7}"
EndProject
Global
	GlobalSection(SolutionConfigurationPlatforms) = preSolution
		Debug|Any CPU = Debug|Any CPU
		Release|Any CPU = Release|Any CPU
	EndGlobalSection
	GlobalSection(ProjectConfigurationPlatforms) = postSolution
		{4739AE80-AA44-4CAD-9FBA-760566F9FDDE}.Debug|Any CPU.ActiveCfg = Debug|Any CPU
		{4739AE80-AA44-4CAD-9FBA-760566F9FDDE}.Debug|Any CPU.Build.0 = Debug|Any CPU
		{4739AE80-AA44-4CAD-9FBA-760566F9FDDE}.Release|Any CPU.ActiveCfg = Release|Any CPU
		{4739AE80-AA44-4CAD-9FBA-760566F9FDDE}.Release|Any CPU.Build.0 = Release|Any CPU
		{CC8327BA-D9E1-4839-B584-1B258303CDBA}.Debug|Any CPU.ActiveCfg = Debug|Any CPU
		{CC8327BA-D9E1-4839-B584-1B258303CDBA}.Debug|Any CPU.Build.0 = Debug|Any CPU
		{CC8327BA-D9E1-4839-B584-1B258303CDBA}.Release|Any CPU.ActiveCfg = Release|Any CPU
		{CC8327BA-D9E1-4839-B584-1B258303CDBA}.Release|Any CPU.Build.0 = Release|Any CPU
		{073D67A6-24AB-480C-802F-749F918DDBF7}.Debug|Any CPU.ActiveCfg = Debug|Any CPU
		{073D67A6-24AB-480C-802F-749F918DDBF7}.Debug|Any CPU.Build.0 = Debug|Any CPU
		{073D67A6-24AB-480C-802F-749F918DDBF7}.Release|Any CPU.ActiveCfg = Release|Any CPU
		{073D67A6-24AB-480C-802F-749F918DDBF7}.Release|Any CPU.Build.0 = Release|Any CPU
	EndGlobalSection
	GlobalSection(SolutionProperties) = preSolution
		HideSolutionNode = FALSE
	EndGlobalSection
	GlobalSection(ExtensibilityGlobals) = postSolution
		SolutionGuid = {90AB5D1F-DDB1-49A3-8940-546E0435EAC8}
	EndGlobalSection
EndGlobal
